github.com/libdns/cloudflare v0.1.1 h1:FVPfWwP8zZCqj268LZjmkDleXlHPlFU9KC4OJ3yn054=
github.com/libdns/cloudflare v0.1.1/go.mod h1:9VK91idpOjg6v7/WbjkEW49bSCxj00ALesIFDhJ8PBU=
github.com/libdns/libdns v0.2.2 h1:O6ws7bAfRPaBsgAYt8MDe2HcNBGC29hkZ9MX2eUSX3s=
github.com/libdns/libdns v0.2.2/go.mod h1:4Bj9+5CQiNMVGf87wjX4CY3HQJypUHRuLvlsfsZqLWQ=
